
Microsoft Visual Studio Solution File, Format Version 12.00
# Visual Studio Version 16
VisualStudioVersion = 16.0.809.10
MinimumVisualStudioVersion = 10.0.40219.1
Project("{FAE04EC0-301F-11D3-BF4B-00C04F79EFBC}") = "CookBook.CLI", "CookBook.CLI\CookBook.CLI.csproj", "{50C8AAFE-3ED5-4DB8-ABC5-AA131DADCB9F}"
EndProject
Global
	GlobalSection(SolutionConfigurationPlatforms) = preSolution
		Debug|Any CPU = Debug|Any CPU
		Release|Any CPU = Release|Any CPU
	EndGlobalSection
	GlobalSection(ProjectConfigurationPlatforms) = postSolution
		{50C8AAFE-3ED5-4DB8-ABC5-AA131DADCB9F}.Debug|Any CPU.ActiveCfg = Debug|Any CPU
		{50C8AAFE-3ED5-4DB8-ABC5-AA131DADCB9F}.Debug|Any CPU.Build.0 = Debug|Any CPU
		{50C8AAFE-3ED5-4DB8-ABC5-AA131DADCB9F}.Release|Any CPU.ActiveCfg = Release|Any CPU
		{50C8AAFE-3ED5-4DB8-ABC5-AA131DADCB9F}.Release|Any CPU.Build.0 = Release|Any CPU
	EndGlobalSection
	GlobalSection(SolutionProperties) = preSolution
		HideSolutionNode = FALSE
	EndGlobalSection
	GlobalSection(ExtensibilityGlobals) = postSolution
		SolutionGuid = {CE5516E4-BA7C-4BCE-B4B0-E7FEB0DFD123}
	EndGlobalSection
EndGlobal
